
Microsoft Visual Studio Solution File, Format Version 12.00
# Visual Studio Version 16
VisualStudioVersion = 16.0.30114.105
MinimumVisualStudioVersion = 10.0.40219.1
Project("{FAE04EC0-301F-11D3-BF4B-00C04F79EFBC}") = "DZ_Less8_1", "Reflection\DZ_Less8_1.csproj", "{6FC6D5D5-D019-4078-ABA8-2F84042884D2}"
EndProject
Project("{FAE04EC0-301F-11D3-BF4B-00C04F79EFBC}") = "DZ_Less8_2", "DZ_Less8_2\DZ_Less8_2.csproj", "{E6EC1DEE-92D8-4925-85F9-431AA4632CC2}"
EndProject
Project("{FAE04EC0-301F-11D3-BF4B-00C04F79EFBC}") = "DZ_Less8_3", "DZ_Less8_3\DZ_Less8_3.csproj", "{703EFEB9-F8F3-413D-8723-056DF34D030B}"
EndProject
Project("{FAE04EC0-301F-11D3-BF4B-00C04F79EFBC}") = "DZ_Less8_4", "BirthDay\DZ_Less8_4.csproj", "{4A68804D-2A40-49EA-8FAC-E3C2927DC02D}"
EndProject
Global
	GlobalSection(SolutionConfigurationPlatforms) = preSolution
		Debug|Any CPU = Debug|Any CPU
		Release|Any CPU = Release|Any CPU
	EndGlobalSection
	GlobalSection(ProjectConfigurationPlatforms) = postSolution
		{6FC6D5D5-D019-4078-ABA8-2F84042884D2}.Debug|Any CPU.ActiveCfg = Debug|Any CPU
		{6FC6D5D5-D019-4078-ABA8-2F84042884D2}.Debug|Any CPU.Build.0 = Debug|Any CPU
		{6FC6D5D5-D019-4078-ABA8-2F84042884D2}.Release|Any CPU.ActiveCfg = Release|Any CPU
		{6FC6D5D5-D019-4078-ABA8-2F84042884D2}.Release|Any CPU.Build.0 = Release|Any CPU
		{E6EC1DEE-92D8-4925-85F9-431AA4632CC2}.Debug|Any CPU.ActiveCfg = Debug|Any CPU
		{E6EC1DEE-92D8-4925-85F9-431AA4632CC2}.Debug|Any CPU.Build.0 = Debug|Any CPU
		{E6EC1DEE-92D8-4925-85F9-431AA4632CC2}.Release|Any CPU.ActiveCfg = Release|Any CPU
		{E6EC1DEE-92D8-4925-85F9-431AA4632CC2}.Release|Any CPU.Build.0 = Release|Any CPU
		{703EFEB9-F8F3-413D-8723-056DF34D030B}.Debug|Any CPU.ActiveCfg = Debug|Any CPU
		{703EFEB9-F8F3-413D-8723-056DF34D030B}.Debug|Any CPU.Build.0 = Debug|Any CPU
		{703EFEB9-F8F3-413D-8723-056DF34D030B}.Release|Any CPU.ActiveCfg = Release|Any CPU
		{703EFEB9-F8F3-413D-8723-056DF34D030B}.Release|Any CPU.Build.0 = Release|Any CPU
		{4A68804D-2A40-49EA-8FAC-E3C2927DC02D}.Debug|Any CPU.ActiveCfg = Debug|Any CPU
		{4A68804D-2A40-49EA-8FAC-E3C2927DC02D}.Debug|Any CPU.Build.0 = Debug|Any CPU
		{4A68804D-2A40-49EA-8FAC-E3C2927DC02D}.Release|Any CPU.ActiveCfg = Release|Any CPU
		{4A68804D-2A40-49EA-8FAC-E3C2927DC02D}.Release|Any CPU.Build.0 = Release|Any CPU
	EndGlobalSection
	GlobalSection(SolutionProperties) = preSolution
		HideSolutionNode = FALSE
	EndGlobalSection
	GlobalSection(ExtensibilityGlobals) = postSolution
		SolutionGuid = {6AB2268E-510C-4EFB-BE5E-B6539DDFDCB1}
	EndGlobalSection
EndGlobal
